<?xml version="1.0" encoding="utf-8"?>
<Project ToolsVersion="4.0" xmlns="http://schemas.microsoft.com/developer/msbuild/2003">
  <ItemGroup>
    <Filter Include="Исходные файлы">
      <UniqueIdentifier>{4FC737F1-C7A5-4376-A066-2A32D752A2FF}</UniqueIdentifier>
      <Extensions>cpp;c;cc;cxx;c++;def;odl;idl;hpj;bat;asm;asmx</Extensions>
    </Filter>
    <Filter Include="Файлы заголовков">
      <UniqueIdentifier>{93995380-89BD-4b04-88EB-625FBE52EBFB}</UniqueIdentifier>
      <Extensions>h;hh;hpp;hxx;h++;hm;inl;inc;ipp;xsd</Extensions>
    </Filter>
    <Filter Include="Файлы ресурсов">
      <UniqueIdentifier>{67DA6AB6-F800-4c08-8B7A-83BB121AAD01}</UniqueIdentifier>
      <Extensions>rc;ico;cur;bmp;dlg;rc2;rct;bin;rgs;gif;jpg;jpeg;jpe;resx;tiff;tif;png;wav;mfcribbon-ms</Extensions>
    </Filter>
    <Filter Include="Исходные файлы\Serialization">
      <UniqueIdentifier>{4b478d57-6302-46e6-bc95-37fdd3630b3a}</UniqueIdentifier>
    </Filter>
    <Filter Include="Исходные файлы\pugixml">
      <UniqueIdentifier>{57d7c59c-f2c8-409c-9da4-7f3be4a4c83a}</UniqueIdentifier>
    </Filter>
    <Filter Include="Файлы заголовков\Serialization">
      <UniqueIdentifier>{4e00a937-f5da-4c90-bcd5-71365c55b824}</UniqueIdentifier>
    </Filter>
  </ItemGroup>
  <ItemGroup>
    <ClCompile Include="XMLSerialization.cpp">
      <Filter>Исходные файлы</Filter>
    </ClCompile>
    <ClCompile Include="pugixml.cpp">
      <Filter>Исходные файлы\pugixml</Filter>
    </ClCompile>
    <ClCompile Include="Test.cpp">
      <Filter>Исходные файлы</Filter>
    </ClCompile>
    <ClCompile Include="Test2.cpp">
      <Filter>Исходные файлы</Filter>
    </ClCompile>
    <ClCompile Include="Test3.cpp">
      <Filter>Исходные файлы</Filter>
    </ClCompile>
    <ClCompile Include="ISerializable.cpp">
      <Filter>Исходные файлы\Serialization</Filter>
    </ClCompile>
    <ClCompile Include="XMLSerializer.cpp">
      <Filter>Исходные файлы\Serialization</Filter>
    </ClCompile>
    <ClCompile Include="XMLTypesSerialization.cpp">
      <Filter>Исходные файлы\Serialization</Filter>
    </ClCompile>
  </ItemGroup>
  <ItemGroup>
    <ClInclude Include="pugixml.hpp">
      <Filter>Исходные файлы\pugixml</Filter>
    </ClInclude>
    <ClInclude Include="pugiconfig.hpp">
      <Filter>Исходные файлы\pugixml</Filter>
    </ClInclude>
    <ClInclude Include="Test.h">
      <Filter>Файлы заголовков</Filter>
    </ClInclude>
    <ClInclude Include="Test2.h">
      <Filter>Файлы заголовков</Filter>
    </ClInclude>
    <ClInclude Include="Test3.h">
      <Filter>Файлы заголовков</Filter>
    </ClInclude>
    <ClInclude Include="XMLTypesSerialization.h">
      <Filter>Файлы заголовков\Serialization</Filter>
    </ClInclude>
    <ClInclude Include="XMLSerializer.h">
      <Filter>Файлы заголовков\Serialization</Filter>
    </ClInclude>
    <ClInclude Include="ISerializable.h">
      <Filter>Файлы заголовков\Serialization</Filter>
    </ClInclude>
  </ItemGroup>
  <ItemGroup>
    <CopyFileToFolders Include="Test.xml" />
  </ItemGroup>
</Project>